
Microsoft Visual Studio Solution File, Format Version 12.00
# Visual Studio Version 16
VisualStudioVersion = 16.0.29728.190
MinimumVisualStudioVersion = 10.0.40219.1
Project("{FAE04EC0-301F-11D3-BF4B-00C04F79EFBC}") = "ErpaPay.ClientExample", "ErpaPay.ClientExample\ErpaPay.ClientExample.csproj", "{B720537D-245E-4C86-BB73-0E9632ABC969}"
EndProject
Global
	GlobalSection(SolutionConfigurationPlatforms) = preSolution
		Debug|Any CPU = Debug|Any CPU
		Release|Any CPU = Release|Any CPU
	EndGlobalSection
	GlobalSection(ProjectConfigurationPlatforms) = postSolution
		{B720537D-245E-4C86-BB73-0E9632ABC969}.Debug|Any CPU.ActiveCfg = Debug|Any CPU
		{B720537D-245E-4C86-BB73-0E9632ABC969}.Debug|Any CPU.Build.0 = Debug|Any CPU
		{B720537D-245E-4C86-BB73-0E9632ABC969}.Release|Any CPU.ActiveCfg = Release|Any CPU
		{B720537D-245E-4C86-BB73-0E9632ABC969}.Release|Any CPU.Build.0 = Release|Any CPU
	EndGlobalSection
	GlobalSection(SolutionProperties) = preSolution
		HideSolutionNode = FALSE
	EndGlobalSection
	GlobalSection(ExtensibilityGlobals) = postSolution
		SolutionGuid = {11641F4C-54CD-4E31-97D1-E61A57990CBD}
	EndGlobalSection
EndGlobal
